
Microsoft Visual Studio Solution File, Format Version 12.00
# Visual Studio Version 17
VisualStudioVersion = 17.9.34714.143
MinimumVisualStudioVersion = 10.0.40219.1
Project("{FAE04EC0-301F-11D3-BF4B-00C04F79EFBC}") = "FilmLand_API", "FilmLand_API\FilmLand_API.csproj", "{1C7B339E-6C46-4E39-9235-376F32C30BA2}"
EndProject
Project("{FAE04EC0-301F-11D3-BF4B-00C04F79EFBC}") = "FilmLand.DataAccsess", "FilmLand.DataAccsess\FilmLand.DataAccsess.csproj", "{A715D79A-B8CF-4417-A9FA-12FF05029C8E}"
EndProject
Project("{FAE04EC0-301F-11D3-BF4B-00C04F79EFBC}") = "FilmLand.Database", "FilmLand.Database\FilmLand.Database.csproj", "{EA93B970-83BC-4801-8DCF-94D9E9822090}"
EndProject
Project("{FAE04EC0-301F-11D3-BF4B-00C04F79EFBC}") = "FilmLand.Models", "FilmLand.Models\FilmLand.Models.csproj", "{55813BE6-2E4C-4342-9826-835AB86DC0F0}"
EndProject
Global
	GlobalSection(SolutionConfigurationPlatforms) = preSolution
		Debug|Any CPU = Debug|Any CPU
		Release|Any CPU = Release|Any CPU
	EndGlobalSection
	GlobalSection(ProjectConfigurationPlatforms) = postSolution
		{1C7B339E-6C46-4E39-9235-376F32C30BA2}.Debug|Any CPU.ActiveCfg = Debug|Any CPU
		{1C7B339E-6C46-4E39-9235-376F32C30BA2}.Debug|Any CPU.Build.0 = Debug|Any CPU
		{1C7B339E-6C46-4E39-9235-376F32C30BA2}.Release|Any CPU.ActiveCfg = Release|Any CPU
		{1C7B339E-6C46-4E39-9235-376F32C30BA2}.Release|Any CPU.Build.0 = Release|Any CPU
		{A715D79A-B8CF-4417-A9FA-12FF05029C8E}.Debug|Any CPU.ActiveCfg = Debug|Any CPU
		{A715D79A-B8CF-4417-A9FA-12FF05029C8E}.Debug|Any CPU.Build.0 = Debug|Any CPU
		{A715D79A-B8CF-4417-A9FA-12FF05029C8E}.Release|Any CPU.ActiveCfg = Release|Any CPU
		{A715D79A-B8CF-4417-A9FA-12FF05029C8E}.Release|Any CPU.Build.0 = Release|Any CPU
		{EA93B970-83BC-4801-8DCF-94D9E9822090}.Debug|Any CPU.ActiveCfg = Debug|Any CPU
		{EA93B970-83BC-4801-8DCF-94D9E9822090}.Debug|Any CPU.Build.0 = Debug|Any CPU
		{EA93B970-83BC-4801-8DCF-94D9E9822090}.Release|Any CPU.ActiveCfg = Release|Any CPU
		{EA93B970-83BC-4801-8DCF-94D9E9822090}.Release|Any CPU.Build.0 = Release|Any CPU
		{55813BE6-2E4C-4342-9826-835AB86DC0F0}.Debug|Any CPU.ActiveCfg = Debug|Any CPU
		{55813BE6-2E4C-4342-9826-835AB86DC0F0}.Debug|Any CPU.Build.0 = Debug|Any CPU
		{55813BE6-2E4C-4342-9826-835AB86DC0F0}.Release|Any CPU.ActiveCfg = Release|Any CPU
		{55813BE6-2E4C-4342-9826-835AB86DC0F0}.Release|Any CPU.Build.0 = Release|Any CPU
	EndGlobalSection
	GlobalSection(SolutionProperties) = preSolution
		HideSolutionNode = FALSE
	EndGlobalSection
	GlobalSection(ExtensibilityGlobals) = postSolution
		SolutionGuid = {12F0A7EA-1B4A-4660-B696-03AA31F62851}
	EndGlobalSection
EndGlobal
